
Microsoft Visual Studio Solution File, Format Version 12.00
# Visual Studio 15
Project("{FAE04EC0-301F-11D3-BF4B-00C04F79EFBC}") = "Inlamning1", "Inlamning1\Inlamning1.csproj", "{BDCC599C-50C7-48D5-9F60-AE3C01A9B7F4}"
EndProject
Global
	GlobalSection(SolutionConfigurationPlatforms) = preSolution
		Debug|Any CPU = Debug|Any CPU
		Release|Any CPU = Release|Any CPU
	EndGlobalSection
	GlobalSection(ProjectConfigurationPlatforms) = postSolution
		{BDCC599C-50C7-48D5-9F60-AE3C01A9B7F4}.Debug|Any CPU.ActiveCfg = Debug|Any CPU
		{BDCC599C-50C7-48D5-9F60-AE3C01A9B7F4}.Debug|Any CPU.Build.0 = Debug|Any CPU
		{BDCC599C-50C7-48D5-9F60-AE3C01A9B7F4}.Release|Any CPU.ActiveCfg = Release|Any CPU
		{BDCC599C-50C7-48D5-9F60-AE3C01A9B7F4}.Release|Any CPU.Build.0 = Release|Any CPU
	EndGlobalSection
EndGlobal
